
Microsoft Visual Studio Solution File, Format Version 12.00
# Visual Studio 15
VisualStudioVersion = 15.0.28307.489
MinimumVisualStudioVersion = 10.0.40219.1
Project("{8BC9CEB8-8B4A-11D0-8D11-00A0C91BC942}") = "rq_plugin", "..\src\rq_plugin\rq_plugin.vcxproj", "{99CC8071-6FBB-43FF-B77F-6F39F30CFCE6}"
EndProject
Project("{8BC9CEB8-8B4A-11D0-8D11-00A0C91BC942}") = "main", "..\src\main.vcxproj", "{7F9F53B6-2FD1-4F5C-B477-9D9BE1CC3F65}"
EndProject
Project("{8BC9CEB8-8B4A-11D0-8D11-00A0C91BC942}") = "gui", "..\src\gui\gui.vcxproj", "{BC0055AD-D992-48E8-AD7E-C952C978DF2F}"
EndProject
Project("{8BC9CEB8-8B4A-11D0-8D11-00A0C91BC942}") = "QRibbon", "..\src\QRibbon\QRiboon.vcxproj", "{42220487-502B-4BF4-B334-E8A084247D6B}"
EndProject
Project("{8BC9CEB8-8B4A-11D0-8D11-00A0C91BC942}") = "parser", "..\src\parser\parser.vcxproj", "{EB063DE6-9A1D-45DD-B0E9-537417A6F7FE}"
EndProject
Global
	GlobalSection(SolutionConfigurationPlatforms) = preSolution
		Debug|x64 = Debug|x64
		Release|x64 = Release|x64
	EndGlobalSection
	GlobalSection(ProjectConfigurationPlatforms) = postSolution
		{99CC8071-6FBB-43FF-B77F-6F39F30CFCE6}.Debug|x64.ActiveCfg = Debug|x64
		{99CC8071-6FBB-43FF-B77F-6F39F30CFCE6}.Release|x64.ActiveCfg = Release|x64
		{99CC8071-6FBB-43FF-B77F-6F39F30CFCE6}.Release|x64.Build.0 = Release|x64
		{7F9F53B6-2FD1-4F5C-B477-9D9BE1CC3F65}.Debug|x64.ActiveCfg = Debug|x64
		{7F9F53B6-2FD1-4F5C-B477-9D9BE1CC3F65}.Release|x64.ActiveCfg = Release|x64
		{7F9F53B6-2FD1-4F5C-B477-9D9BE1CC3F65}.Release|x64.Build.0 = Release|x64
		{BC0055AD-D992-48E8-AD7E-C952C978DF2F}.Debug|x64.ActiveCfg = Debug|x64
		{BC0055AD-D992-48E8-AD7E-C952C978DF2F}.Debug|x64.Build.0 = Debug|x64
		{BC0055AD-D992-48E8-AD7E-C952C978DF2F}.Release|x64.ActiveCfg = Release|x64
		{BC0055AD-D992-48E8-AD7E-C952C978DF2F}.Release|x64.Build.0 = Release|x64
		{42220487-502B-4BF4-B334-E8A084247D6B}.Debug|x64.ActiveCfg = Debug|x64
		{42220487-502B-4BF4-B334-E8A084247D6B}.Debug|x64.Build.0 = Debug|x64
		{42220487-502B-4BF4-B334-E8A084247D6B}.Release|x64.ActiveCfg = Release|x64
		{42220487-502B-4BF4-B334-E8A084247D6B}.Release|x64.Build.0 = Release|x64
		{EB063DE6-9A1D-45DD-B0E9-537417A6F7FE}.Debug|x64.ActiveCfg = Debug|x64
		{EB063DE6-9A1D-45DD-B0E9-537417A6F7FE}.Debug|x64.Build.0 = Debug|x64
		{EB063DE6-9A1D-45DD-B0E9-537417A6F7FE}.Release|x64.ActiveCfg = Release|x64
		{EB063DE6-9A1D-45DD-B0E9-537417A6F7FE}.Release|x64.Build.0 = Release|x64
	EndGlobalSection
	GlobalSection(SolutionProperties) = preSolution
		HideSolutionNode = FALSE
	EndGlobalSection
	GlobalSection(ExtensibilityGlobals) = postSolution
		SolutionGuid = {CCA03A5F-72D2-4707-BDE5-ECC8ABA82B12}
	EndGlobalSection
EndGlobal
