<?xml version="1.0" encoding="utf-8"?>
<Project ToolsVersion="4.0" xmlns="http://schemas.microsoft.com/developer/msbuild/2003">
  <ItemGroup>
    <None Include="defaults.qss" />
  </ItemGroup>
  <ItemGroup>
    <Filter Include="Header Files">
      <UniqueIdentifier>{93995380-89BD-4b04-88EB-625FBE52EBFB}</UniqueIdentifier>
      <Extensions>h;hh;hpp;hxx;hm;inl;inc;xsd</Extensions>
      <ParseFiles>true</ParseFiles>
    </Filter>
    <Filter Include="Generated Files">
      <UniqueIdentifier>{71ED8ED8-ACB9-4CE9-BBE1-E00B30144E11}</UniqueIdentifier>
      <Extensions>moc;h;cpp</Extensions>
      <ParseFiles>true</ParseFiles>
    </Filter>
    <Filter Include="Source Files">
      <UniqueIdentifier>{6787c4d4-8f4f-4cfc-b0e1-69ede12c24da}</UniqueIdentifier>
    </Filter>
  </ItemGroup>
  <ItemGroup>
    <ClCompile Include="qcustombutton.cpp">
      <Filter>Generated Files</Filter>
    </ClCompile>
    <ClCompile Include="qribbon.cpp">
      <Filter>Generated Files</Filter>
    </ClCompile>
    <ClCompile Include="qribbonbutton.cpp">
      <Filter>Generated Files</Filter>
    </ClCompile>
    <ClCompile Include="qribbongroup.cpp">
      <Filter>Generated Files</Filter>
    </ClCompile>
    <ClCompile Include="qribbonwidget.cpp">
      <Filter>Generated Files</Filter>
    </ClCompile>
  </ItemGroup>
  <ItemGroup>
    <ClInclude Include="qcustombutton.hpp">
      <Filter>Header Files</Filter>
    </ClInclude>
    <ClInclude Include="qribbon_lib.hpp">
      <Filter>Header Files</Filter>
    </ClInclude>
  </ItemGroup>
  <ItemGroup>
    <QtMoc Include="qribbon.hpp">
      <Filter>Header Files</Filter>
    </QtMoc>
    <QtMoc Include="qribbonbutton.hpp">
      <Filter>Header Files</Filter>
    </QtMoc>
    <QtMoc Include="qribbongroup.hpp">
      <Filter>Header Files</Filter>
    </QtMoc>
    <QtMoc Include="qribbonwidget.hpp">
      <Filter>Header Files</Filter>
    </QtMoc>
  </ItemGroup>
</Project>